
Microsoft Visual Studio Solution File, Format Version 12.00
# Visual Studio Version 16
VisualStudioVersion = 16.0.31205.134
MinimumVisualStudioVersion = 10.0.40219.1
Project("{FAE04EC0-301F-11D3-BF4B-00C04F79EFBC}") = "PerformanceBenchmark", "PerformanceBenchmark\PerformanceBenchmark.csproj", "{47308C09-A605-448C-89FE-D675EB63ECB0}"
EndProject
Global
	GlobalSection(SolutionConfigurationPlatforms) = preSolution
		Debug|Any CPU = Debug|Any CPU
		Release|Any CPU = Release|Any CPU
	EndGlobalSection
	GlobalSection(ProjectConfigurationPlatforms) = postSolution
		{47308C09-A605-448C-89FE-D675EB63ECB0}.Debug|Any CPU.ActiveCfg = Debug|Any CPU
		{47308C09-A605-448C-89FE-D675EB63ECB0}.Debug|Any CPU.Build.0 = Debug|Any CPU
		{47308C09-A605-448C-89FE-D675EB63ECB0}.Release|Any CPU.ActiveCfg = Release|Any CPU
		{47308C09-A605-448C-89FE-D675EB63ECB0}.Release|Any CPU.Build.0 = Release|Any CPU
	EndGlobalSection
	GlobalSection(SolutionProperties) = preSolution
		HideSolutionNode = FALSE
	EndGlobalSection
	GlobalSection(ExtensibilityGlobals) = postSolution
		SolutionGuid = {3C30BE59-90E3-48B4-B85A-93E73964D9BE}
	EndGlobalSection
EndGlobal
